
Microsoft Visual Studio Solution File, Format Version 12.00
# Visual Studio Version 16
VisualStudioVersion = 16.0.29411.108
MinimumVisualStudioVersion = 10.0.40219.1
Project("{8BC9CEB8-8B4A-11D0-8D11-00A0C91BC942}") = "C2C", "C2C (VS2019).vcxproj", "{37D4A3BE-6EDB-4A5F-A42A-B82ECF9D34FC}"
EndProject
Project("{8BC9CEB8-8B4A-11D0-8D11-00A0C91BC942}") = "CvGameCoreServer", "Server\CvGameCoreServer.vcxproj", "{D51F972B-256A-48DD-8F22-3AFA775635A4}"
EndProject
Project("{8BC9CEB8-8B4A-11D0-8D11-00A0C91BC942}") = "Interface", "Interface\Interface.vcxproj", "{6536EBEC-014E-4D6B-97BE-223137694CA8}"
EndProject
Project("{888888A0-9F3D-457C-B088-3A5042F75D52}") = "Python", "..\Assets\Python\Python.pyproj", "{17044446-585F-4E8C-AFA6-0B4B7101BBFB}"
EndProject
Global
	GlobalSection(SolutionConfigurationPlatforms) = preSolution
		Assert|Any CPU = Assert|Any CPU
		Assert|x86 = Assert|x86
		Debug|Any CPU = Debug|Any CPU
		Debug|x86 = Debug|x86
		FinalRelease|Any CPU = FinalRelease|Any CPU
		FinalRelease|x86 = FinalRelease|x86
		Profile|Any CPU = Profile|Any CPU
		Profile|x86 = Profile|x86
		Release|Any CPU = Release|Any CPU
		Release|x86 = Release|x86
		Testing|Any CPU = Testing|Any CPU
		Testing|x86 = Testing|x86
	EndGlobalSection
	GlobalSection(ProjectConfigurationPlatforms) = postSolution
		{37D4A3BE-6EDB-4A5F-A42A-B82ECF9D34FC}.Assert|x64.ActiveCfg = Assert|Win32
		{37D4A3BE-6EDB-4A5F-A42A-B82ECF9D34FC}.Assert|x86.ActiveCfg = Assert|Win32
		{37D4A3BE-6EDB-4A5F-A42A-B82ECF9D34FC}.Assert|x86.Build.0 = Assert|Win32
		{37D4A3BE-6EDB-4A5F-A42A-B82ECF9D34FC}.Debug|x64.ActiveCfg = Debug|Win32
		{37D4A3BE-6EDB-4A5F-A42A-B82ECF9D34FC}.Debug|x86.ActiveCfg = Debug|Win32
		{37D4A3BE-6EDB-4A5F-A42A-B82ECF9D34FC}.Debug|x86.Build.0 = Debug|Win32
		{37D4A3BE-6EDB-4A5F-A42A-B82ECF9D34FC}.FinalRelease|x64.ActiveCfg = FinalRelease|Win32
		{37D4A3BE-6EDB-4A5F-A42A-B82ECF9D34FC}.FinalRelease|x86.ActiveCfg = FinalRelease|Win32
		{37D4A3BE-6EDB-4A5F-A42A-B82ECF9D34FC}.FinalRelease|x86.Build.0 = FinalRelease|Win32
		{37D4A3BE-6EDB-4A5F-A42A-B82ECF9D34FC}.Profile|x64.ActiveCfg = Profile|Win32
		{37D4A3BE-6EDB-4A5F-A42A-B82ECF9D34FC}.Profile|x86.ActiveCfg = Profile|Win32
		{37D4A3BE-6EDB-4A5F-A42A-B82ECF9D34FC}.Profile|x86.Build.0 = Profile|Win32
		{37D4A3BE-6EDB-4A5F-A42A-B82ECF9D34FC}.Release|x64.ActiveCfg = Release|Win32
		{37D4A3BE-6EDB-4A5F-A42A-B82ECF9D34FC}.Release|x86.ActiveCfg = Release|Win32
		{37D4A3BE-6EDB-4A5F-A42A-B82ECF9D34FC}.Release|x86.Build.0 = Release|Win32
		{37D4A3BE-6EDB-4A5F-A42A-B82ECF9D34FC}.Testing|x64.ActiveCfg = Testing|Win32
		{37D4A3BE-6EDB-4A5F-A42A-B82ECF9D34FC}.Testing|x86.ActiveCfg = Testing|Win32
		{37D4A3BE-6EDB-4A5F-A42A-B82ECF9D34FC}.Testing|x86.Build.0 = Testing|Win32
		{D51F972B-256A-48DD-8F22-3AFA775635A4}.Assert|x64.ActiveCfg = Debug|x64
		{D51F972B-256A-48DD-8F22-3AFA775635A4}.Assert|x64.Build.0 = Debug|x64
		{D51F972B-256A-48DD-8F22-3AFA775635A4}.Assert|x86.ActiveCfg = Debug|Win32
		{D51F972B-256A-48DD-8F22-3AFA775635A4}.Assert|x86.Build.0 = Debug|Win32
		{D51F972B-256A-48DD-8F22-3AFA775635A4}.Debug|x64.ActiveCfg = Debug|x64
		{D51F972B-256A-48DD-8F22-3AFA775635A4}.Debug|x64.Build.0 = Debug|x64
		{D51F972B-256A-48DD-8F22-3AFA775635A4}.Debug|x86.ActiveCfg = Debug|Win32
		{D51F972B-256A-48DD-8F22-3AFA775635A4}.Debug|x86.Build.0 = Debug|Win32
		{D51F972B-256A-48DD-8F22-3AFA775635A4}.FinalRelease|x64.ActiveCfg = Release|x64
		{D51F972B-256A-48DD-8F22-3AFA775635A4}.FinalRelease|x64.Build.0 = Release|x64
		{D51F972B-256A-48DD-8F22-3AFA775635A4}.FinalRelease|x86.ActiveCfg = Release|Win32
		{D51F972B-256A-48DD-8F22-3AFA775635A4}.FinalRelease|x86.Build.0 = Release|Win32
		{D51F972B-256A-48DD-8F22-3AFA775635A4}.Profile|x64.ActiveCfg = Debug|x64
		{D51F972B-256A-48DD-8F22-3AFA775635A4}.Profile|x64.Build.0 = Debug|x64
		{D51F972B-256A-48DD-8F22-3AFA775635A4}.Profile|x86.ActiveCfg = Debug|Win32
		{D51F972B-256A-48DD-8F22-3AFA775635A4}.Profile|x86.Build.0 = Debug|Win32
		{D51F972B-256A-48DD-8F22-3AFA775635A4}.Release|x64.ActiveCfg = Release|x64
		{D51F972B-256A-48DD-8F22-3AFA775635A4}.Release|x64.Build.0 = Release|x64
		{D51F972B-256A-48DD-8F22-3AFA775635A4}.Release|x86.ActiveCfg = Release|Win32
		{D51F972B-256A-48DD-8F22-3AFA775635A4}.Release|x86.Build.0 = Release|Win32
		{D51F972B-256A-48DD-8F22-3AFA775635A4}.Testing|x64.ActiveCfg = Debug|x64
		{D51F972B-256A-48DD-8F22-3AFA775635A4}.Testing|x64.Build.0 = Debug|x64
		{D51F972B-256A-48DD-8F22-3AFA775635A4}.Testing|x86.ActiveCfg = Debug|Win32
		{D51F972B-256A-48DD-8F22-3AFA775635A4}.Testing|x86.Build.0 = Debug|Win32
		{6536EBEC-014E-4D6B-97BE-223137694CA8}.Assert|x64.ActiveCfg = Debug|Win32
		{6536EBEC-014E-4D6B-97BE-223137694CA8}.Assert|x64.Build.0 = Debug|Win32
		{6536EBEC-014E-4D6B-97BE-223137694CA8}.Assert|x86.ActiveCfg = Debug|Win32
		{6536EBEC-014E-4D6B-97BE-223137694CA8}.Assert|x86.Build.0 = Debug|Win32
		{6536EBEC-014E-4D6B-97BE-223137694CA8}.Debug|x64.ActiveCfg = Debug|Win32
		{6536EBEC-014E-4D6B-97BE-223137694CA8}.Debug|x86.ActiveCfg = Debug|Win32
		{6536EBEC-014E-4D6B-97BE-223137694CA8}.Debug|x86.Build.0 = Debug|Win32
		{6536EBEC-014E-4D6B-97BE-223137694CA8}.FinalRelease|x64.ActiveCfg = Debug|Win32
		{6536EBEC-014E-4D6B-97BE-223137694CA8}.FinalRelease|x64.Build.0 = Debug|Win32
		{6536EBEC-014E-4D6B-97BE-223137694CA8}.FinalRelease|x86.ActiveCfg = Release|Win32
		{6536EBEC-014E-4D6B-97BE-223137694CA8}.FinalRelease|x86.Build.0 = Release|Win32
		{6536EBEC-014E-4D6B-97BE-223137694CA8}.Profile|x64.ActiveCfg = Debug|Win32
		{6536EBEC-014E-4D6B-97BE-223137694CA8}.Profile|x64.Build.0 = Debug|Win32
		{6536EBEC-014E-4D6B-97BE-223137694CA8}.Profile|x86.ActiveCfg = Debug|Win32
		{6536EBEC-014E-4D6B-97BE-223137694CA8}.Profile|x86.Build.0 = Debug|Win32
		{6536EBEC-014E-4D6B-97BE-223137694CA8}.Release|x64.ActiveCfg = Release|Win32
		{6536EBEC-014E-4D6B-97BE-223137694CA8}.Release|x86.ActiveCfg = Release|Win32
		{6536EBEC-014E-4D6B-97BE-223137694CA8}.Release|x86.Build.0 = Release|Win32
		{6536EBEC-014E-4D6B-97BE-223137694CA8}.Testing|x64.ActiveCfg = Debug|Win32
		{6536EBEC-014E-4D6B-97BE-223137694CA8}.Testing|x64.Build.0 = Debug|Win32
		{6536EBEC-014E-4D6B-97BE-223137694CA8}.Testing|x86.ActiveCfg = Debug|Win32
		{6536EBEC-014E-4D6B-97BE-223137694CA8}.Testing|x86.Build.0 = Debug|Win32
	EndGlobalSection
	GlobalSection(SolutionProperties) = preSolution
		HideSolutionNode = FALSE
	EndGlobalSection
	GlobalSection(ExtensibilityGlobals) = postSolution
		SolutionGuid = {81B47A90-F3A2-4F65-A780-EC2EE29FDC90}
	EndGlobalSection
EndGlobal
