
Microsoft Visual Studio Solution File, Format Version 12.00
# Visual Studio Version 16
VisualStudioVersion = 16.0.30611.23
MinimumVisualStudioVersion = 10.0.40219.1
Project("{8BC9CEB8-8B4A-11D0-8D11-00A0C91BC942}") = "DiscordRPC (VS2019)", "DiscordRPC (VS2019)\DiscordRPC (VS2019).vcxproj", "{45A0F480-5362-4554-AD8C-C39F73F43060}"
EndProject
Global
	GlobalSection(SolutionConfigurationPlatforms) = preSolution
		Debug|x64 = Debug|x64
		Debug|x86 = Debug|x86
		FinalRelease|x64 = FinalRelease|x64
		FinalRelease|x86 = FinalRelease|x86
	EndGlobalSection
	GlobalSection(ProjectConfigurationPlatforms) = postSolution
		{45A0F480-5362-4554-AD8C-C39F73F43060}.Debug|x64.ActiveCfg = Debug|x64
		{45A0F480-5362-4554-AD8C-C39F73F43060}.Debug|x64.Build.0 = Debug|x64
		{45A0F480-5362-4554-AD8C-C39F73F43060}.Debug|x86.ActiveCfg = Debug|Win32
		{45A0F480-5362-4554-AD8C-C39F73F43060}.Debug|x86.Build.0 = Debug|Win32
		{45A0F480-5362-4554-AD8C-C39F73F43060}.FinalRelease|x64.ActiveCfg = FinalRelease|x64
		{45A0F480-5362-4554-AD8C-C39F73F43060}.FinalRelease|x64.Build.0 = FinalRelease|x64
		{45A0F480-5362-4554-AD8C-C39F73F43060}.FinalRelease|x86.ActiveCfg = FinalRelease|Win32
		{45A0F480-5362-4554-AD8C-C39F73F43060}.FinalRelease|x86.Build.0 = FinalRelease|Win32
	EndGlobalSection
	GlobalSection(SolutionProperties) = preSolution
		HideSolutionNode = FALSE
	EndGlobalSection
	GlobalSection(ExtensibilityGlobals) = postSolution
		SolutionGuid = {DD1472CC-56BF-4AD4-872E-43CAC6D2EDE2}
	EndGlobalSection
EndGlobal
